
Microsoft Visual Studio Solution File, Format Version 12.00
# Visual Studio 15
VisualStudioVersion = 15.0.27130.2027
MinimumVisualStudioVersion = 10.0.40219.1
Project("{FAE04EC0-301F-11D3-BF4B-00C04F79EFBC}") = "csharp-gyakorlas", "csharp-gyakorlas\csharp-gyakorlas.csproj", "{CDB89AF9-E556-4179-89D4-5ABBB73CB1BF}"
EndProject
Global
	GlobalSection(SolutionConfigurationPlatforms) = preSolution
		Debug|Any CPU = Debug|Any CPU
		Release|Any CPU = Release|Any CPU
	EndGlobalSection
	GlobalSection(ProjectConfigurationPlatforms) = postSolution
		{CDB89AF9-E556-4179-89D4-5ABBB73CB1BF}.Debug|Any CPU.ActiveCfg = Debug|Any CPU
		{CDB89AF9-E556-4179-89D4-5ABBB73CB1BF}.Debug|Any CPU.Build.0 = Debug|Any CPU
		{CDB89AF9-E556-4179-89D4-5ABBB73CB1BF}.Release|Any CPU.ActiveCfg = Release|Any CPU
		{CDB89AF9-E556-4179-89D4-5ABBB73CB1BF}.Release|Any CPU.Build.0 = Release|Any CPU
	EndGlobalSection
	GlobalSection(SolutionProperties) = preSolution
		HideSolutionNode = FALSE
	EndGlobalSection
	GlobalSection(ExtensibilityGlobals) = postSolution
		SolutionGuid = {58DDDA3A-4DA1-4797-8009-57225EC837AE}
	EndGlobalSection
EndGlobal
