
Microsoft Visual Studio Solution File, Format Version 12.00
# Visual Studio 15
VisualStudioVersion = 15.0.27130.2027
MinimumVisualStudioVersion = 10.0.40219.1
Project("{FAE04EC0-301F-11D3-BF4B-00C04F79EFBC}") = "Tomorito", "Tomorito\Tomorito.csproj", "{90F4C8CD-BDDC-4794-BA21-D1C7325898F4}"
EndProject
Global
	GlobalSection(SolutionConfigurationPlatforms) = preSolution
		Debug|Any CPU = Debug|Any CPU
		Release|Any CPU = Release|Any CPU
	EndGlobalSection
	GlobalSection(ProjectConfigurationPlatforms) = postSolution
		{90F4C8CD-BDDC-4794-BA21-D1C7325898F4}.Debug|Any CPU.ActiveCfg = Debug|Any CPU
		{90F4C8CD-BDDC-4794-BA21-D1C7325898F4}.Debug|Any CPU.Build.0 = Debug|Any CPU
		{90F4C8CD-BDDC-4794-BA21-D1C7325898F4}.Release|Any CPU.ActiveCfg = Release|Any CPU
		{90F4C8CD-BDDC-4794-BA21-D1C7325898F4}.Release|Any CPU.Build.0 = Release|Any CPU
	EndGlobalSection
	GlobalSection(SolutionProperties) = preSolution
		HideSolutionNode = FALSE
	EndGlobalSection
	GlobalSection(ExtensibilityGlobals) = postSolution
		SolutionGuid = {308D118E-4F12-4FBA-A0D2-02B459622139}
	EndGlobalSection
EndGlobal
