
Microsoft Visual Studio Solution File, Format Version 12.00
# Visual Studio 15
VisualStudioVersion = 15.0.26730.12
MinimumVisualStudioVersion = 10.0.40219.1
Project("{FAE04EC0-301F-11D3-BF4B-00C04F79EFBC}") = "Kepmegjelenito", "Kepmegjelenito\Kepmegjelenito.csproj", "{4B3B1304-111F-4802-BEDB-71C00777DBEC}"
EndProject
Global
	GlobalSection(SolutionConfigurationPlatforms) = preSolution
		Debug|Any CPU = Debug|Any CPU
		Release|Any CPU = Release|Any CPU
	EndGlobalSection
	GlobalSection(ProjectConfigurationPlatforms) = postSolution
		{4B3B1304-111F-4802-BEDB-71C00777DBEC}.Debug|Any CPU.ActiveCfg = Debug|Any CPU
		{4B3B1304-111F-4802-BEDB-71C00777DBEC}.Debug|Any CPU.Build.0 = Debug|Any CPU
		{4B3B1304-111F-4802-BEDB-71C00777DBEC}.Release|Any CPU.ActiveCfg = Release|Any CPU
		{4B3B1304-111F-4802-BEDB-71C00777DBEC}.Release|Any CPU.Build.0 = Release|Any CPU
	EndGlobalSection
	GlobalSection(SolutionProperties) = preSolution
		HideSolutionNode = FALSE
	EndGlobalSection
	GlobalSection(ExtensibilityGlobals) = postSolution
		SolutionGuid = {44E99594-48C8-47D8-9022-61E083B865C6}
	EndGlobalSection
EndGlobal
