
Microsoft Visual Studio Solution File, Format Version 12.00
# Visual Studio 15
VisualStudioVersion = 15.0.27130.2027
MinimumVisualStudioVersion = 10.0.40219.1
Project("{FAE04EC0-301F-11D3-BF4B-00C04F79EFBC}") = "Keptomorito", "Keptomorito\Keptomorito.csproj", "{95D38FE8-1F1F-48A7-AB58-0DFAFCC08A42}"
EndProject
Global
	GlobalSection(SolutionConfigurationPlatforms) = preSolution
		Debug|Any CPU = Debug|Any CPU
		Release|Any CPU = Release|Any CPU
	EndGlobalSection
	GlobalSection(ProjectConfigurationPlatforms) = postSolution
		{95D38FE8-1F1F-48A7-AB58-0DFAFCC08A42}.Debug|Any CPU.ActiveCfg = Debug|Any CPU
		{95D38FE8-1F1F-48A7-AB58-0DFAFCC08A42}.Debug|Any CPU.Build.0 = Debug|Any CPU
		{95D38FE8-1F1F-48A7-AB58-0DFAFCC08A42}.Release|Any CPU.ActiveCfg = Release|Any CPU
		{95D38FE8-1F1F-48A7-AB58-0DFAFCC08A42}.Release|Any CPU.Build.0 = Release|Any CPU
	EndGlobalSection
	GlobalSection(SolutionProperties) = preSolution
		HideSolutionNode = FALSE
	EndGlobalSection
	GlobalSection(ExtensibilityGlobals) = postSolution
		SolutionGuid = {D7CC63F9-C2B6-45BC-B88C-C80A1CEC6E61}
	EndGlobalSection
EndGlobal
