
Microsoft Visual Studio Solution File, Format Version 12.00
# Visual Studio 15
VisualStudioVersion = 15.0.28307.329
MinimumVisualStudioVersion = 10.0.40219.1
Project("{FAE04EC0-301F-11D3-BF4B-00C04F79EFBC}") = "gyak01", "gyak01.csproj", "{2F679C50-1440-4598-8506-CD23ADB28814}"
EndProject
Global
	GlobalSection(SolutionConfigurationPlatforms) = preSolution
		Debug|Any CPU = Debug|Any CPU
		Release|Any CPU = Release|Any CPU
	EndGlobalSection
	GlobalSection(ProjectConfigurationPlatforms) = postSolution
		{2F679C50-1440-4598-8506-CD23ADB28814}.Debug|Any CPU.ActiveCfg = Debug|Any CPU
		{2F679C50-1440-4598-8506-CD23ADB28814}.Debug|Any CPU.Build.0 = Debug|Any CPU
		{2F679C50-1440-4598-8506-CD23ADB28814}.Release|Any CPU.ActiveCfg = Release|Any CPU
		{2F679C50-1440-4598-8506-CD23ADB28814}.Release|Any CPU.Build.0 = Release|Any CPU
	EndGlobalSection
	GlobalSection(SolutionProperties) = preSolution
		HideSolutionNode = FALSE
	EndGlobalSection
	GlobalSection(ExtensibilityGlobals) = postSolution
		SolutionGuid = {24CD91BC-1E57-4F00-91CF-4C34ED451ADE}
	EndGlobalSection
EndGlobal
